
Microsoft Visual Studio Solution File, Format Version 12.00
# Visual Studio 15
VisualStudioVersion = 15.0.27703.2035
MinimumVisualStudioVersion = 10.0.40219.1
Project("{FAE04EC0-301F-11D3-BF4B-00C04F79EFBC}") = "Flashcards", "Flashcards\Flashcards.csproj", "{7C1E49CC-54B0-4FBF-849B-F49382EDC53C}"
EndProject
Project("{FAE04EC0-301F-11D3-BF4B-00C04F79EFBC}") = "FlashcardsTest", "FlashcardsTest\FlashcardsTest.csproj", "{5A72BF87-2588-429B-AC79-8951BAA760C3}"
EndProject
Global
	GlobalSection(SolutionConfigurationPlatforms) = preSolution
		Debug|Any CPU = Debug|Any CPU
		Release|Any CPU = Release|Any CPU
	EndGlobalSection
	GlobalSection(ProjectConfigurationPlatforms) = postSolution
		{7C1E49CC-54B0-4FBF-849B-F49382EDC53C}.Debug|Any CPU.ActiveCfg = Debug|Any CPU
		{7C1E49CC-54B0-4FBF-849B-F49382EDC53C}.Debug|Any CPU.Build.0 = Debug|Any CPU
		{7C1E49CC-54B0-4FBF-849B-F49382EDC53C}.Release|Any CPU.ActiveCfg = Release|Any CPU
		{7C1E49CC-54B0-4FBF-849B-F49382EDC53C}.Release|Any CPU.Build.0 = Release|Any CPU
		{5A72BF87-2588-429B-AC79-8951BAA760C3}.Debug|Any CPU.ActiveCfg = Debug|Any CPU
		{5A72BF87-2588-429B-AC79-8951BAA760C3}.Debug|Any CPU.Build.0 = Debug|Any CPU
		{5A72BF87-2588-429B-AC79-8951BAA760C3}.Release|Any CPU.ActiveCfg = Release|Any CPU
		{5A72BF87-2588-429B-AC79-8951BAA760C3}.Release|Any CPU.Build.0 = Release|Any CPU
	EndGlobalSection
	GlobalSection(SolutionProperties) = preSolution
		HideSolutionNode = FALSE
	EndGlobalSection
	GlobalSection(ExtensibilityGlobals) = postSolution
		SolutionGuid = {D68C40F3-0657-4F60-8F38-EB2E3A59D2A7}
	EndGlobalSection
EndGlobal
